
Microsoft Visual Studio Solution File, Format Version 11.00
# Visual Studio 2010
Project("{E24C65DC-7377-472B-9ABA-BC803B73C61A}") = "WebSite5", "..\..\..\..\Desktop\WebSite5\WebSite5\", "{75DACDCC-0210-4957-B8D0-2AE7782E45C5}"
	ProjectSection(WebsiteProperties) = preProject
		TargetFrameworkMoniker = ".NETFramework,Version%3Dv4.0"
		Debug.AspNetCompiler.VirtualPath = "/WebSite5"
		Debug.AspNetCompiler.PhysicalPath = "..\..\..\..\Desktop\WebSite5\WebSite5\"
		Debug.AspNetCompiler.TargetPath = "PrecompiledWeb\WebSite5\"
		Debug.AspNetCompiler.Updateable = "true"
		Debug.AspNetCompiler.ForceOverwrite = "true"
		Debug.AspNetCompiler.FixedNames = "false"
		Debug.AspNetCompiler.Debug = "True"
		Release.AspNetCompiler.VirtualPath = "/WebSite5"
		Release.AspNetCompiler.PhysicalPath = "..\..\..\..\Desktop\WebSite5\WebSite5\"
		Release.AspNetCompiler.TargetPath = "PrecompiledWeb\WebSite5\"
		Release.AspNetCompiler.Updateable = "true"
		Release.AspNetCompiler.ForceOverwrite = "true"
		Release.AspNetCompiler.FixedNames = "false"
		Release.AspNetCompiler.Debug = "False"
		VWDPort = "3525"
	EndProjectSection
EndProject
Global
	GlobalSection(SolutionConfigurationPlatforms) = preSolution
		Debug|Any CPU = Debug|Any CPU
	EndGlobalSection
	GlobalSection(ProjectConfigurationPlatforms) = postSolution
		{75DACDCC-0210-4957-B8D0-2AE7782E45C5}.Debug|Any CPU.ActiveCfg = Debug|Any CPU
		{75DACDCC-0210-4957-B8D0-2AE7782E45C5}.Debug|Any CPU.Build.0 = Debug|Any CPU
	EndGlobalSection
	GlobalSection(SolutionProperties) = preSolution
		HideSolutionNode = FALSE
	EndGlobalSection
EndGlobal
